
Microsoft Visual Studio Solution File, Format Version 12.00
# Visual Studio Version 17
VisualStudioVersion = 17.7.34024.191
MinimumVisualStudioVersion = 10.0.40219.1
Project("{FAE04EC0-301F-11D3-BF4B-00C04F79EFBC}") = "Bibliotekas sistema new", "Bibliotekas sistema new\Bibliotekas sistema new.csproj", "{087D0D92-A088-4507-99D6-4F26B50A7C17}"
EndProject
Global
	GlobalSection(SolutionConfigurationPlatforms) = preSolution
		Debug|Any CPU = Debug|Any CPU
		Release|Any CPU = Release|Any CPU
	EndGlobalSection
	GlobalSection(ProjectConfigurationPlatforms) = postSolution
		{087D0D92-A088-4507-99D6-4F26B50A7C17}.Debug|Any CPU.ActiveCfg = Debug|Any CPU
		{087D0D92-A088-4507-99D6-4F26B50A7C17}.Debug|Any CPU.Build.0 = Debug|Any CPU
		{087D0D92-A088-4507-99D6-4F26B50A7C17}.Release|Any CPU.ActiveCfg = Release|Any CPU
		{087D0D92-A088-4507-99D6-4F26B50A7C17}.Release|Any CPU.Build.0 = Release|Any CPU
	EndGlobalSection
	GlobalSection(SolutionProperties) = preSolution
		HideSolutionNode = FALSE
	EndGlobalSection
	GlobalSection(ExtensibilityGlobals) = postSolution
		SolutionGuid = {33BDC474-1122-4ACD-BBCB-0C82E56F6EF6}
	EndGlobalSection
EndGlobal
